
Microsoft Visual Studio Solution File, Format Version 12.00
# Visual Studio Version 18
VisualStudioVersion = 18.5.11626.173 insiders
MinimumVisualStudioVersion = 10.0.40219.1
Project("{FAE04EC0-301F-11D3-BF4B-00C04F79EFBC}") = "apibill", "apibill.csproj", "{6DF7A1BD-7653-4392-FDF0-3D5E93B704FA}"
EndProject
Global
	GlobalSection(SolutionConfigurationPlatforms) = preSolution
		Debug|Any CPU = Debug|Any CPU
		Release|Any CPU = Release|Any CPU
	EndGlobalSection
	GlobalSection(ProjectConfigurationPlatforms) = postSolution
		{6DF7A1BD-7653-4392-FDF0-3D5E93B704FA}.Debug|Any CPU.ActiveCfg = Debug|Any CPU
		{6DF7A1BD-7653-4392-FDF0-3D5E93B704FA}.Debug|Any CPU.Build.0 = Debug|Any CPU
		{6DF7A1BD-7653-4392-FDF0-3D5E93B704FA}.Release|Any CPU.ActiveCfg = Release|Any CPU
		{6DF7A1BD-7653-4392-FDF0-3D5E93B704FA}.Release|Any CPU.Build.0 = Release|Any CPU
	EndGlobalSection
	GlobalSection(SolutionProperties) = preSolution
		HideSolutionNode = FALSE
	EndGlobalSection
	GlobalSection(ExtensibilityGlobals) = postSolution
		SolutionGuid = {27942BEA-8BFA-401D-BC15-D665C547B0AC}
	EndGlobalSection
EndGlobal
